<?xml version="1.0" encoding="utf-8"?>
<Project ToolsVersion="4.0" xmlns="http://schemas.microsoft.com/developer/msbuild/2003">
  <ItemGroup>
    <Filter Include="소스 파일">
      <UniqueIdentifier>{4FC737F1-C7A5-4376-A066-2A32D752A2FF}</UniqueIdentifier>
      <Extensions>cpp;c;cc;cxx;c++;cppm;ixx;def;odl;idl;hpj;bat;asm;asmx</Extensions>
    </Filter>
    <Filter Include="헤더 파일">
      <UniqueIdentifier>{93995380-89BD-4b04-88EB-625FBE52EBFB}</UniqueIdentifier>
      <Extensions>h;hh;hpp;hxx;h++;hm;inl;inc;ipp;xsd</Extensions>
    </Filter>
    <Filter Include="리소스 파일">
      <UniqueIdentifier>{67DA6AB6-F800-4c08-8B7A-83BB121AAD01}</UniqueIdentifier>
      <Extensions>rc;ico;cur;bmp;dlg;rc2;rct;bin;rgs;gif;jpg;jpeg;jpe;resx;tiff;tif;png;wav;mfcribbon-ms</Extensions>
    </Filter>
    <Filter Include="DirectX">
      <UniqueIdentifier>{c2c2f5a7-39ff-4c35-b88c-f68dd8de5c98}</UniqueIdentifier>
    </Filter>
    <Filter Include="Shader">
      <UniqueIdentifier>{e5cf6e98-fba8-423b-8c3e-b567dd94bc5d}</UniqueIdentifier>
    </Filter>
    <Filter Include="UI">
      <UniqueIdentifier>{40c5991e-fe94-4f44-925f-cc4631eb384f}</UniqueIdentifier>
    </Filter>
    <Filter Include="Shader\HLSL">
      <UniqueIdentifier>{d48e3705-2c63-4169-8a70-ccd1894d9d7f}</UniqueIdentifier>
    </Filter>
    <Filter Include="Shader\ShaderClass">
      <UniqueIdentifier>{2d4e2465-b66a-4b4b-983f-a7d0edd60e11}</UniqueIdentifier>
    </Filter>
    <Filter Include="UI\TextClass">
      <UniqueIdentifier>{d19617d7-3344-456d-9de5-e68cc145f81a}</UniqueIdentifier>
    </Filter>
    <Filter Include="Model">
      <UniqueIdentifier>{eaa5d911-5593-4059-8826-a2a2f2a9e281}</UniqueIdentifier>
    </Filter>
  </ItemGroup>
  <ItemGroup>
    <ClCompile Include="main.cpp">
      <Filter>소스 파일</Filter>
    </ClCompile>
    <ClCompile Include="D3DClass.cpp">
      <Filter>DirectX</Filter>
    </ClCompile>
    <ClCompile Include="ShaderManager.cpp">
      <Filter>Shader</Filter>
    </ClCompile>
    <ClCompile Include="DebugInfo.cpp">
      <Filter>UI</Filter>
    </ClCompile>
    <ClCompile Include="UIManager.cpp">
      <Filter>UI</Filter>
    </ClCompile>
    <ClCompile Include="TextClass.cpp">
      <Filter>UI\TextClass</Filter>
    </ClCompile>
    <ClCompile Include="TextureShaderClass.cpp">
      <Filter>Shader\ShaderClass</Filter>
    </ClCompile>
    <ClCompile Include="ColorShaderClass.cpp">
      <Filter>Shader\ShaderClass</Filter>
    </ClCompile>
    <ClCompile Include="ApplicationClass.cpp">
      <Filter>소스 파일</Filter>
    </ClCompile>
    <ClCompile Include="CameraClass.cpp">
      <Filter>소스 파일</Filter>
    </ClCompile>
    <ClCompile Include="FrameTimer.cpp">
      <Filter>소스 파일</Filter>
    </ClCompile>
    <ClCompile Include="InputClass.cpp">
      <Filter>소스 파일</Filter>
    </ClCompile>
    <ClCompile Include="SystemClass.cpp">
      <Filter>소스 파일</Filter>
    </ClCompile>
    <ClCompile Include="RectangleModel.cpp">
      <Filter>Model</Filter>
    </ClCompile>
    <ClCompile Include="MirrorModel.cpp">
      <Filter>Model</Filter>
    </ClCompile>
    <ClCompile Include="ReflectShaderClass.cpp">
      <Filter>Shader\ShaderClass</Filter>
    </ClCompile>
    <ClCompile Include="RenderTextureClass.cpp">
      <Filter>DirectX</Filter>
    </ClCompile>
  </ItemGroup>
  <ItemGroup>
    <ClInclude Include="D3DClass.h">
      <Filter>DirectX</Filter>
    </ClInclude>
    <ClInclude Include="ShaderManager.h">
      <Filter>Shader</Filter>
    </ClInclude>
    <ClInclude Include="DebugInfo.h">
      <Filter>UI</Filter>
    </ClInclude>
    <ClInclude Include="UIManager.h">
      <Filter>UI</Filter>
    </ClInclude>
    <ClInclude Include="TextClass.h">
      <Filter>UI\TextClass</Filter>
    </ClInclude>
    <ClInclude Include="TextureShaderClass.h">
      <Filter>Shader\ShaderClass</Filter>
    </ClInclude>
    <ClInclude Include="ColorShaderClass.h">
      <Filter>Shader\ShaderClass</Filter>
    </ClInclude>
    <ClInclude Include="ApplicationClass.h">
      <Filter>헤더 파일</Filter>
    </ClInclude>
    <ClInclude Include="CameraClass.h">
      <Filter>헤더 파일</Filter>
    </ClInclude>
    <ClInclude Include="FrameTimer.h">
      <Filter>헤더 파일</Filter>
    </ClInclude>
    <ClInclude Include="InputClass.h">
      <Filter>헤더 파일</Filter>
    </ClInclude>
    <ClInclude Include="SystemClass.h">
      <Filter>헤더 파일</Filter>
    </ClInclude>
    <ClInclude Include="GraphicStructures.h">
      <Filter>헤더 파일</Filter>
    </ClInclude>
    <ClInclude Include="RectangleModel.h">
      <Filter>Model</Filter>
    </ClInclude>
    <ClInclude Include="MirrorModel.h">
      <Filter>Model</Filter>
    </ClInclude>
    <ClInclude Include="Global.h">
      <Filter>헤더 파일</Filter>
    </ClInclude>
    <ClInclude Include="ReflectShaderClass.h">
      <Filter>Shader\ShaderClass</Filter>
    </ClInclude>
    <ClInclude Include="RenderTextureClass.h">
      <Filter>DirectX</Filter>
    </ClInclude>
  </ItemGroup>
  <ItemGroup>
    <FxCompile Include="..\ReflectPS.hlsl">
      <Filter>Shader\HLSL</Filter>
    </FxCompile>
    <FxCompile Include="..\ReflectVS.hlsl">
      <Filter>Shader\HLSL</Filter>
    </FxCompile>
    <FxCompile Include="..\ColorPS.hlsl">
      <Filter>Shader\HLSL</Filter>
    </FxCompile>
    <FxCompile Include="..\ColorVS.hlsl">
      <Filter>Shader\HLSL</Filter>
    </FxCompile>
    <FxCompile Include="..\TextureVS.hlsl">
      <Filter>Shader\HLSL</Filter>
    </FxCompile>
    <FxCompile Include="..\TexturePS.hlsl">
      <Filter>Shader\HLSL</Filter>
    </FxCompile>
  </ItemGroup>
</Project>